// !$*UTF8*$!
{
	archiveVersion = 1;
	classes = {
	};
	objectVersion = 50;
	objects = {

/* Begin PBXBuildFile section */
		B519162223BE10CD005FEF2A /* AppDelegate.swift in Sources */ = {isa = PBXBuildFile; fileRef = B519162123BE10CD005FEF2A /* AppDelegate.swift */; };
		B519162423BE10CD005FEF2A /* SceneDelegate.swift in Sources */ = {isa = PBXBuildFile; fileRef = B519162323BE10CD005FEF2A /* SceneDelegate.swift */; };
		B519162623BE10CD005FEF2A /* ViewController.swift in Sources */ = {isa = PBXBuildFile; fileRef = B519162523BE10CD005FEF2A /* ViewController.swift */; };
		B519162923BE10CD005FEF2A /* Main.storyboard in Resources */ = {isa = PBXBuildFile; fileRef = B519162723BE10CD005FEF2A /* Main.storyboard */; };
		B519162B23BE10D0005FEF2A /* Assets.xcassets in Resources */ = {isa = PBXBuildFile; fileRef = B519162A23BE10D0005FEF2A /* Assets.xcassets */; };
		B519162E23BE10D0005FEF2A /* LaunchScreen.storyboard in Resources */ = {isa = PBXBuildFile; fileRef = B519162C23BE10D0005FEF2A /* LaunchScreen.storyboard */; };
/* End PBXBuildFile section */

/* Begin PBXFileReference section */
		B519161E23BE10CD005FEF2A /* SleepWithAI.app */ = {isa = PBXFileReference; explicitFileType = wrapper.application; includeInIndex = 0; path = SleepWithAI.app; sourceTree = BUILT_PRODUCTS_DIR; };
		B519162123BE10CD005FEF2A /* AppDelegate.swift */ = {isa = PBXFileReference; lastKnownFileType = sourcecode.swift; path = AppDelegate.swift; sourceTree = "<group>"; };
		B519162323BE10CD005FEF2A /* SceneDelegate.swift */ = {isa = PBXFileReference; lastKnownFileType = sourcecode.swift; path = SceneDelegate.swift; sourceTree = "<group>"; };
		B519162523BE10CD005FEF2A /* ViewController.swift */ = {isa = PBXFileReference; lastKnownFileType = sourcecode.swift; path = ViewController.swift; sourceTree = "<group>"; };
		B519162823BE10CD005FEF2A /* Base */ = {isa = PBXFileReference; lastKnownFileType = file.storyboard; name = Base; path = Base.lproj/Main.storyboard; sourceTree = "<group>"; };
		B519162A23BE10D0005FEF2A /* Assets.xcassets */ = {isa = PBXFileReference; lastKnownFileType = folder.assetcatalog; path = Assets.xcassets; sourceTree = "<group>"; };
		B519162D23BE10D0005FEF2A /* Base */ = {isa = PBXFileReference; lastKnownFileType = file.storyboard; name = Base; path = Base.lproj/LaunchScreen.storyboard; sourceTree = "<group>"; };
		B519162F23BE10D0005FEF2A /* Info.plist */ = {isa = PBXFileReference; lastKnownFileType = text.plist.xml; path = Info.plist; sourceTree = "<group>"; };
/* End PBXFileReference section */

/* Begin PBXFrameworksBuildPhase section */
		B519161B23BE10CD005FEF2A /* Frameworks */ = {
			isa = PBXFrameworksBuildPhase;
			buildActionMask = 2147483647;
			files = (
			);
			runOnlyForDeploymentPostprocessing = 0;
		};
/* End PBXFrameworksBuildPhase section */

/* Begin PBXGroup section */
		B519161523BE10CD005FEF2A = {
			isa = PBXGroup;
			children = (
				B519162023BE10CD005FEF2A /* SleepWithAI */,
				B519161F23BE10CD005FEF2A /* Products */,
			);
			sourceTree = "<group>";
		};
		B519161F23BE10CD005FEF2A /* Products */ = {
			isa = PBXGroup;
			children = (
				B519161E23BE10CD005FEF2A /* SleepWithAI.app */,
			);
			name = Products;
			sourceTree = "<group>";
		};
		B519162023BE10CD005FEF2A /* SleepWithAI */ = {
			isa = PBXGroup;
			children = (
				B519162123BE10CD005FEF2A /* AppDelegate.swift */,
				B519162323BE10CD005FEF2A /* SceneDelegate.swift */,
				B519162523BE10CD005FEF2A /* ViewController.swift */,
				B519162723BE10CD005FEF2A /* Main.storyboard */,
				B519162A23BE10D0005FEF2A /* Assets.xcassets */,
				B519162C23BE10D0005FEF2A /* LaunchScreen.storyboard */,
				B519162F23BE10D0005FEF2A /* Info.plist */,
			);
			path = SleepWithAI;
			sourceTree = "<group>";
		};
/* End PBXGroup section */

/* Begin PBXNativeTarget section */
		B519161D23BE10CD005FEF2A /* SleepWithAI */ = {
			isa = PBXNativeTarget;
			buildConfigurationList = B519163223BE10D0005FEF2A /* Build configuration list for PBXNativeTarget "SleepWithAI" */;
			buildPhases = (
				B519161A23BE10CD005FEF2A /* Sources */,
				B519161B23BE10CD005FEF2A /* Frameworks */,
				B519161C23BE10CD005FEF2A /* Resources */,
			);
			buildRules = (
			);
			dependencies = (
			);
			name = SleepWithAI;
			productName = SleepWithAI;
			productReference = B519161E23BE10CD005FEF2A /* SleepWithAI.app */;
			productType = "com.apple.product-type.application";
		};
/* End PBXNativeTarget section */

/* Begin PBXProject section */
		B519161623BE10CD005FEF2A /* Project object */ = {
			isa = PBXProject;
			attributes = {
				LastSwiftUpdateCheck = 1130;
				LastUpgradeCheck = 1130;
				ORGANIZATIONNAME = sheepjin99;
				TargetAttributes = {
					B519161D23BE10CD005FEF2A = {
						CreatedOnToolsVersion = 11.3;
					};
				};
			};
			buildConfigurationList = B519161923BE10CD005FEF2A /* Build configuration list for PBXProject "SleepWithAI" */;
			compatibilityVersion = "Xcode 9.3";
			developmentRegion = en;
			hasScannedForEncodings = 0;
			knownRegions = (
				en,
				Base,
			);
			mainGroup = B519161523BE10CD005FEF2A;
			productRefGroup = B519161F23BE10CD005FEF2A /* Products */;
			projectDirPath = "";
			projectRoot = "";
			targets = (
				B519161D23BE10CD005FEF2A /* SleepWithAI */,
			);
		};
/* End PBXProject section */

/* Begin PBXResourcesBuildPhase section */
		B519161C23BE10CD005FEF2A /* Resources */ = {
			isa = PBXResourcesBuildPhase;
			buildActionMask = 2147483647;
			files = (
				B519162E23BE10D0005FEF2A /* LaunchScreen.storyboard in Resources */,
				B519162B23BE10D0005FEF2A /* Assets.xcassets in Resources */,
				B519162923BE10CD005FEF2A /* Main.storyboard in Resources */,
			);
			runOnlyForDeploymentPostprocessing = 0;
		};
/* End PBXResourcesBuildPhase section */

/* Begin PBXSourcesBuildPhase section */
		B519161A23BE10CD005FEF2A /* Sources */ = {
			isa = PBXSourcesBuildPhase;
			buildActionMask = 2147483647;
			files = (
				B519162623BE10CD005FEF2A /* ViewController.swift in Sources */,
				B519162223BE10CD005FEF2A /* AppDelegate.swift in Sources */,
				B519162423BE10CD005FEF2A /* SceneDelegate.swift in Sources */,
			);
			runOnlyForDeploymentPostprocessing = 0;
		};
/* End PBXSourcesBuildPhase section */

/* Begin PBXVariantGroup section */
		B519162723BE10CD005FEF2A /* Main.storyboard */ = {
			isa = PBXVariantGroup;
			children = (
				B519162823BE10CD005FEF2A /* Base */,
			);
			name = Main.storyboard;
			sourceTree = "<group>";
		};
		B519162C23BE10D0005FEF2A /* LaunchScreen.storyboard */ = {
			isa = PBXVariantGroup;
			children = (
				B519162D23BE10D0005FEF2A /* Base */,
			);
			name = LaunchScreen.storyboard;
			sourceTree = "<group>";
		};
/* End PBXVariantGroup section */

/* Begin XCBuildConfiguration section */
		B519163023BE10D0005FEF2A /* Debug */ = {
			isa = XCBuildConfiguration;
			buildSettings = {
				ALWAYS_SEARCH_USER_PATHS = NO;
				CLANG_ANALYZER_NONNULL = YES;
				CLANG_ANALYZER_NUMBER_OBJECT_CONVERSION = YES_AGGRESSIVE;
				CLANG_CXX_LANGUAGE_STANDARD = "gnu++14";
				CLANG_CXX_LIBRARY = "libc++";
				CLANG_ENABLE_MODULES = YES;
				CLANG_ENABLE_OBJC_ARC = YES;
				CLANG_ENABLE_OBJC_WEAK = YES;
				CLANG_WARN_BLOCK_CAPTURE_AUTORELEASING = YES;
				CLANG_WARN_BOOL_CONVERSION = YES;
				CLANG_WARN_COMMA = YES;
				CLANG_WARN_CONSTANT_CONVERSION = YES;
				CLANG_WARN_DEPRECATED_OBJC_IMPLEMENTATIONS = YES;
				CLANG_WARN_DIRECT_OBJC_ISA_USAGE = YES_ERROR;
				CLANG_WARN_DOCUMENTATION_COMMENTS = YES;
				CLANG_WARN_EMPTY_BODY = YES;
				CLANG_WARN_ENUM_CONVERSION = YES;
				CLANG_WARN_INFINITE_RECURSION = YES;
				CLANG_WARN_INT_CONVERSION = YES;
				CLANG_WARN_NON_LITERAL_NULL_CONVERSION = YES;
				CLANG_WARN_OBJC_IMPLICIT_RETAIN_SELF = YES;
				CLANG_WARN_OBJC_LITERAL_CONVERSION = YES;
				CLANG_WARN_OBJC_ROOT_CLASS = YES_ERROR;
				CLANG_WARN_RANGE_LOOP_ANALYSIS = YES;
				CLANG_WARN_STRICT_PROTOTYPES = YES;
				CLANG_WARN_SUSPICIOUS_MOVE = YES;
				CLANG_WARN_UNGUARDED_AVAILABILITY = YES_AGGRESSIVE;
				CLANG_WARN_UNREACHABLE_CODE = YES;
				CLANG_WARN__DUPLICATE_METHOD_MATCH = YES;
				COPY_PHASE_STRIP = NO;
				DEBUG_INFORMATION_FORMAT = dwarf;
				ENABLE_STRICT_OBJC_MSGSEND = YES;
				ENABLE_TESTABILITY = YES;
				GCC_C_LANGUAGE_STANDARD = gnu11;
				GCC_DYNAMIC_NO_PIC = NO;
				GCC_NO_COMMON_BLOCKS = YES;
				GCC_OPTIMIZATION_LEVEL = 0;
				GCC_PREPROCESSOR_DEFINITIONS = (
					"DEBUG=1",
					"$(inherited)",
				);
				GCC_WARN_64_TO_32_BIT_CONVERSION = YES;
				GCC_WARN_ABOUT_RETURN_TYPE = YES_ERROR;
				GCC_WARN_UNDECLARED_SELECTOR = YES;
				GCC_WARN_UNINITIALIZED_AUTOS = YES_AGGRESSIVE;
				GCC_WARN_UNUSED_FUNCTION = YES;
				GCC_WARN_UNUSED_VARIABLE = YES;
				IPHONEOS_DEPLOYMENT_TARGET = 13.2;
				MTL_ENABLE_DEBUG_INFO = INCLUDE_SOURCE;
				MTL_FAST_MATH = YES;
				ONLY_ACTIVE_ARCH = YES;
				SDKROOT = iphoneos;
				SWIFT_ACTIVE_COMPILATION_CONDITIONS = DEBUG;
				SWIFT_OPTIMIZATION_LEVEL = "-Onone";
			};
			name = Debug;
		};
		B519163123BE10D0005FEF2A /* Release */ = {
			isa = XCBuildConfiguration;
			buildSettings = {
				ALWAYS_SEARCH_USER_PATHS = NO;
				CLANG_ANALYZER_NONNULL = YES;
				CLANG_ANALYZER_NUMBER_OBJECT_CONVERSION = YES_AGGRESSIVE;
				CLANG_CXX_LANGUAGE_STANDARD = "gnu++14";
				CLANG_CXX_LIBRARY = "libc++";
				CLANG_ENABLE_MODULES = YES;
				CLANG_ENABLE_OBJC_ARC = YES;
				CLANG_ENABLE_OBJC_WEAK = YES;
				CLANG_WARN_BLOCK_CAPTURE_AUTORELEASING = YES;
				CLANG_WARN_BOOL_CONVERSION = YES;
				CLANG_WARN_COMMA = YES;
				CLANG_WARN_CONSTANT_CONVERSION = YES;
				CLANG_WARN_DEPRECATED_OBJC_IMPLEMENTATIONS = YES;
				CLANG_WARN_DIRECT_OBJC_ISA_USAGE = YES_ERROR;
				CLANG_WARN_DOCUMENTATION_COMMENTS = YES;
				CLANG_WARN_EMPTY_BODY = YES;
				CLANG_WARN_ENUM_CONVERSION = YES;
				CLANG_WARN_INFINITE_RECURSION = YES;
				CLANG_WARN_INT_CONVERSION = YES;
				CLANG_WARN_NON_LITERAL_NULL_CONVERSION = YES;
				CLANG_WARN_OBJC_IMPLICIT_RETAIN_SELF = YES;
				CLANG_WARN_OBJC_LITERAL_CONVERSION = YES;
				CLANG_WARN_OBJC_ROOT_CLASS = YES_ERROR;
				CLANG_WARN_RANGE_LOOP_ANALYSIS = YES;
				CLANG_WARN_STRICT_PROTOTYPES = YES;
				CLANG_WARN_SUSPICIOUS_MOVE = YES;
				CLANG_WARN_UNGUARDED_AVAILABILITY = YES_AGGRESSIVE;
				CLANG_WARN_UNREACHABLE_CODE = YES;
				CLANG_WARN__DUPLICATE_METHOD_MATCH = YES;
				COPY_PHASE_STRIP = NO;
				DEBUG_INFORMATION_FORMAT = "dwarf-with-dsym";
				ENABLE_NS_ASSERTIONS = NO;
				ENABLE_STRICT_OBJC_MSGSEND = YES;
				GCC_C_LANGUAGE_STANDARD = gnu11;
				GCC_NO_COMMON_BLOCKS = YES;
				GCC_WARN_64_TO_32_BIT_CONVERSION = YES;
				GCC_WARN_ABOUT_RETURN_TYPE = YES_ERROR;
				GCC_WARN_UNDECLARED_SELECTOR = YES;
				GCC_WARN_UNINITIALIZED_AUTOS = YES_AGGRESSIVE;
				GCC_WARN_UNUSED_FUNCTION = YES;
				GCC_WARN_UNUSED_VARIABLE = YES;
				IPHONEOS_DEPLOYMENT_TARGET = 13.2;
				MTL_ENABLE_DEBUG_INFO = NO;
				MTL_FAST_MATH = YES;
				SDKROOT = iphoneos;
				SWIFT_COMPILATION_MODE = wholemodule;
				SWIFT_OPTIMIZATION_LEVEL = "-O";
				VALIDATE_PRODUCT = YES;
			};
			name = Release;
		};
		B519163323BE10D0005FEF2A /* Debug */ = {
			isa = XCBuildConfiguration;
			buildSettings = {
				ASSETCATALOG_COMPILER_APPICON_NAME = AppIcon;
				CODE_SIGN_STYLE = Automatic;
				INFOPLIST_FILE = SleepWithAI/Info.plist;
				IPHONEOS_DEPLOYMENT_TARGET = 13.0;
				LD_RUNPATH_SEARCH_PATHS = (
					"$(inherited)",
					"@executable_path/Frameworks",
				);
				PRODUCT_BUNDLE_IDENTIFIER = sheepjin99.SleepWithAI;
				PRODUCT_NAME = "$(TARGET_NAME)";
				SWIFT_VERSION = 5.0;
				TARGETED_DEVICE_FAMILY = "1,2";
			};
			name = Debug;
		};
		B519163423BE10D0005FEF2A /* Release */ = {
			isa = XCBuildConfiguration;
			buildSettings = {
				ASSETCATALOG_COMPILER_APPICON_NAME = AppIcon;
				CODE_SIGN_STYLE = Automatic;
				INFOPLIST_FILE = SleepWithAI/Info.plist;
				IPHONEOS_DEPLOYMENT_TARGET = 13.0;
				LD_RUNPATH_SEARCH_PATHS = (
					"$(inherited)",
					"@executable_path/Frameworks",
				);
				PRODUCT_BUNDLE_IDENTIFIER = sheepjin99.SleepWithAI;
				PRODUCT_NAME = "$(TARGET_NAME)";
				SWIFT_VERSION = 5.0;
				TARGETED_DEVICE_FAMILY = "1,2";
			};
			name = Release;
		};
/* End XCBuildConfiguration section */

/* Begin XCConfigurationList section */
		B519161923BE10CD005FEF2A /* Build configuration list for PBXProject "SleepWithAI" */ = {
			isa = XCConfigurationList;
			buildConfigurations = (
				B519163023BE10D0005FEF2A /* Debug */,
				B519163123BE10D0005FEF2A /* Release */,
			);
			defaultConfigurationIsVisible = 0;
			defaultConfigurationName = Release;
		};
		B519163223BE10D0005FEF2A /* Build configuration list for PBXNativeTarget "SleepWithAI" */ = {
			isa = XCConfigurationList;
			buildConfigurations = (
				B519163323BE10D0005FEF2A /* Debug */,
				B519163423BE10D0005FEF2A /* Release */,
			);
			defaultConfigurationIsVisible = 0;
			defaultConfigurationName = Release;
		};
/* End XCConfigurationList section */
	};
	rootObject = B519161623BE10CD005FEF2A /* Project object */;
}
