// !$*UTF8*$!
{
	archiveVersion = 1;
	classes = {
	};
	objectVersion = 50;
	objects = {

/* Begin PBXBuildFile section */
		0C99ACBD23C6FCEC003DF531 /* AppDelegate.swift in Sources */ = {isa = PBXBuildFile; fileRef = 0C99ACBC23C6FCEC003DF531 /* AppDelegate.swift */; };
		0C99ACBF23C6FCEC003DF531 /* SceneDelegate.swift in Sources */ = {isa = PBXBuildFile; fileRef = 0C99ACBE23C6FCEC003DF531 /* SceneDelegate.swift */; };
		0C99ACC123C6FCEC003DF531 /* ViewController.swift in Sources */ = {isa = PBXBuildFile; fileRef = 0C99ACC023C6FCEC003DF531 /* ViewController.swift */; };
		0C99ACC423C6FCEC003DF531 /* Main.storyboard in Resources */ = {isa = PBXBuildFile; fileRef = 0C99ACC223C6FCEC003DF531 /* Main.storyboard */; };
		0C99ACC623C6FCEE003DF531 /* Assets.xcassets in Resources */ = {isa = PBXBuildFile; fileRef = 0C99ACC523C6FCEE003DF531 /* Assets.xcassets */; };
		0C99ACC923C6FCEE003DF531 /* LaunchScreen.storyboard in Resources */ = {isa = PBXBuildFile; fileRef = 0C99ACC723C6FCEE003DF531 /* LaunchScreen.storyboard */; };
		0C99ACD123C6FF3D003DF531 /* AlarmTimeCell.swift in Sources */ = {isa = PBXBuildFile; fileRef = 0C99ACD023C6FF3D003DF531 /* AlarmTimeCell.swift */; };
		0CEB071D23C720D300E0D1AA /* TimeDetailViewControllerViewController.swift in Sources */ = {isa = PBXBuildFile; fileRef = 0CEB071C23C720D300E0D1AA /* TimeDetailViewControllerViewController.swift */; };
/* End PBXBuildFile section */

/* Begin PBXFileReference section */
		0C99ACB923C6FCEC003DF531 /* CustomTableView.app */ = {isa = PBXFileReference; explicitFileType = wrapper.application; includeInIndex = 0; path = CustomTableView.app; sourceTree = BUILT_PRODUCTS_DIR; };
		0C99ACBC23C6FCEC003DF531 /* AppDelegate.swift */ = {isa = PBXFileReference; lastKnownFileType = sourcecode.swift; path = AppDelegate.swift; sourceTree = "<group>"; };
		0C99ACBE23C6FCEC003DF531 /* SceneDelegate.swift */ = {isa = PBXFileReference; lastKnownFileType = sourcecode.swift; path = SceneDelegate.swift; sourceTree = "<group>"; };
		0C99ACC023C6FCEC003DF531 /* ViewController.swift */ = {isa = PBXFileReference; lastKnownFileType = sourcecode.swift; path = ViewController.swift; sourceTree = "<group>"; };
		0C99ACC323C6FCEC003DF531 /* Base */ = {isa = PBXFileReference; lastKnownFileType = file.storyboard; name = Base; path = Base.lproj/Main.storyboard; sourceTree = "<group>"; };
		0C99ACC523C6FCEE003DF531 /* Assets.xcassets */ = {isa = PBXFileReference; lastKnownFileType = folder.assetcatalog; path = Assets.xcassets; sourceTree = "<group>"; };
		0C99ACC823C6FCEE003DF531 /* Base */ = {isa = PBXFileReference; lastKnownFileType = file.storyboard; name = Base; path = Base.lproj/LaunchScreen.storyboard; sourceTree = "<group>"; };
		0C99ACCA23C6FCEE003DF531 /* Info.plist */ = {isa = PBXFileReference; lastKnownFileType = text.plist.xml; path = Info.plist; sourceTree = "<group>"; };
		0C99ACD023C6FF3D003DF531 /* AlarmTimeCell.swift */ = {isa = PBXFileReference; lastKnownFileType = sourcecode.swift; path = AlarmTimeCell.swift; sourceTree = "<group>"; };
		0CEB071C23C720D300E0D1AA /* TimeDetailViewControllerViewController.swift */ = {isa = PBXFileReference; lastKnownFileType = sourcecode.swift; path = TimeDetailViewControllerViewController.swift; sourceTree = "<group>"; };
/* End PBXFileReference section */

/* Begin PBXFrameworksBuildPhase section */
		0C99ACB623C6FCEC003DF531 /* Frameworks */ = {
			isa = PBXFrameworksBuildPhase;
			buildActionMask = 2147483647;
			files = (
			);
			runOnlyForDeploymentPostprocessing = 0;
		};
/* End PBXFrameworksBuildPhase section */

/* Begin PBXGroup section */
		0C99ACB023C6FCEC003DF531 = {
			isa = PBXGroup;
			children = (
				0C99ACBB23C6FCEC003DF531 /* CustomTableView */,
				0C99ACBA23C6FCEC003DF531 /* Products */,
			);
			sourceTree = "<group>";
		};
		0C99ACBA23C6FCEC003DF531 /* Products */ = {
			isa = PBXGroup;
			children = (
				0C99ACB923C6FCEC003DF531 /* CustomTableView.app */,
			);
			name = Products;
			sourceTree = "<group>";
		};
		0C99ACBB23C6FCEC003DF531 /* CustomTableView */ = {
			isa = PBXGroup;
			children = (
				0C99ACBC23C6FCEC003DF531 /* AppDelegate.swift */,
				0C99ACBE23C6FCEC003DF531 /* SceneDelegate.swift */,
				0C99ACC023C6FCEC003DF531 /* ViewController.swift */,
				0C99ACC223C6FCEC003DF531 /* Main.storyboard */,
				0C99ACC523C6FCEE003DF531 /* Assets.xcassets */,
				0C99ACC723C6FCEE003DF531 /* LaunchScreen.storyboard */,
				0C99ACCA23C6FCEE003DF531 /* Info.plist */,
				0C99ACD023C6FF3D003DF531 /* AlarmTimeCell.swift */,
				0CEB071C23C720D300E0D1AA /* TimeDetailViewControllerViewController.swift */,
			);
			path = CustomTableView;
			sourceTree = "<group>";
		};
/* End PBXGroup section */

/* Begin PBXNativeTarget section */
		0C99ACB823C6FCEC003DF531 /* CustomTableView */ = {
			isa = PBXNativeTarget;
			buildConfigurationList = 0C99ACCD23C6FCEE003DF531 /* Build configuration list for PBXNativeTarget "CustomTableView" */;
			buildPhases = (
				0C99ACB523C6FCEC003DF531 /* Sources */,
				0C99ACB623C6FCEC003DF531 /* Frameworks */,
				0C99ACB723C6FCEC003DF531 /* Resources */,
			);
			buildRules = (
			);
			dependencies = (
			);
			name = CustomTableView;
			productName = CustomTableView;
			productReference = 0C99ACB923C6FCEC003DF531 /* CustomTableView.app */;
			productType = "com.apple.product-type.application";
		};
/* End PBXNativeTarget section */

/* Begin PBXProject section */
		0C99ACB123C6FCEC003DF531 /* Project object */ = {
			isa = PBXProject;
			attributes = {
				LastSwiftUpdateCheck = 1130;
				LastUpgradeCheck = 1130;
				ORGANIZATIONNAME = dgulinc;
				TargetAttributes = {
					0C99ACB823C6FCEC003DF531 = {
						CreatedOnToolsVersion = 11.3;
					};
				};
			};
			buildConfigurationList = 0C99ACB423C6FCEC003DF531 /* Build configuration list for PBXProject "CustomTableView" */;
			compatibilityVersion = "Xcode 9.3";
			developmentRegion = en;
			hasScannedForEncodings = 0;
			knownRegions = (
				en,
				Base,
			);
			mainGroup = 0C99ACB023C6FCEC003DF531;
			productRefGroup = 0C99ACBA23C6FCEC003DF531 /* Products */;
			projectDirPath = "";
			projectRoot = "";
			targets = (
				0C99ACB823C6FCEC003DF531 /* CustomTableView */,
			);
		};
/* End PBXProject section */

/* Begin PBXResourcesBuildPhase section */
		0C99ACB723C6FCEC003DF531 /* Resources */ = {
			isa = PBXResourcesBuildPhase;
			buildActionMask = 2147483647;
			files = (
				0C99ACC923C6FCEE003DF531 /* LaunchScreen.storyboard in Resources */,
				0C99ACC623C6FCEE003DF531 /* Assets.xcassets in Resources */,
				0C99ACC423C6FCEC003DF531 /* Main.storyboard in Resources */,
			);
			runOnlyForDeploymentPostprocessing = 0;
		};
/* End PBXResourcesBuildPhase section */

/* Begin PBXSourcesBuildPhase section */
		0C99ACB523C6FCEC003DF531 /* Sources */ = {
			isa = PBXSourcesBuildPhase;
			buildActionMask = 2147483647;
			files = (
				0CEB071D23C720D300E0D1AA /* TimeDetailViewControllerViewController.swift in Sources */,
				0C99ACC123C6FCEC003DF531 /* ViewController.swift in Sources */,
				0C99ACBD23C6FCEC003DF531 /* AppDelegate.swift in Sources */,
				0C99ACD123C6FF3D003DF531 /* AlarmTimeCell.swift in Sources */,
				0C99ACBF23C6FCEC003DF531 /* SceneDelegate.swift in Sources */,
			);
			runOnlyForDeploymentPostprocessing = 0;
		};
/* End PBXSourcesBuildPhase section */

/* Begin PBXVariantGroup section */
		0C99ACC223C6FCEC003DF531 /* Main.storyboard */ = {
			isa = PBXVariantGroup;
			children = (
				0C99ACC323C6FCEC003DF531 /* Base */,
			);
			name = Main.storyboard;
			sourceTree = "<group>";
		};
		0C99ACC723C6FCEE003DF531 /* LaunchScreen.storyboard */ = {
			isa = PBXVariantGroup;
			children = (
				0C99ACC823C6FCEE003DF531 /* Base */,
			);
			name = LaunchScreen.storyboard;
			sourceTree = "<group>";
		};
/* End PBXVariantGroup section */

/* Begin XCBuildConfiguration section */
		0C99ACCB23C6FCEE003DF531 /* Debug */ = {
			isa = XCBuildConfiguration;
			buildSettings = {
				ALWAYS_SEARCH_USER_PATHS = NO;
				CLANG_ANALYZER_NONNULL = YES;
				CLANG_ANALYZER_NUMBER_OBJECT_CONVERSION = YES_AGGRESSIVE;
				CLANG_CXX_LANGUAGE_STANDARD = "gnu++14";
				CLANG_CXX_LIBRARY = "libc++";
				CLANG_ENABLE_MODULES = YES;
				CLANG_ENABLE_OBJC_ARC = YES;
				CLANG_ENABLE_OBJC_WEAK = YES;
				CLANG_WARN_BLOCK_CAPTURE_AUTORELEASING = YES;
				CLANG_WARN_BOOL_CONVERSION = YES;
				CLANG_WARN_COMMA = YES;
				CLANG_WARN_CONSTANT_CONVERSION = YES;
				CLANG_WARN_DEPRECATED_OBJC_IMPLEMENTATIONS = YES;
				CLANG_WARN_DIRECT_OBJC_ISA_USAGE = YES_ERROR;
				CLANG_WARN_DOCUMENTATION_COMMENTS = YES;
				CLANG_WARN_EMPTY_BODY = YES;
				CLANG_WARN_ENUM_CONVERSION = YES;
				CLANG_WARN_INFINITE_RECURSION = YES;
				CLANG_WARN_INT_CONVERSION = YES;
				CLANG_WARN_NON_LITERAL_NULL_CONVERSION = YES;
				CLANG_WARN_OBJC_IMPLICIT_RETAIN_SELF = YES;
				CLANG_WARN_OBJC_LITERAL_CONVERSION = YES;
				CLANG_WARN_OBJC_ROOT_CLASS = YES_ERROR;
				CLANG_WARN_RANGE_LOOP_ANALYSIS = YES;
				CLANG_WARN_STRICT_PROTOTYPES = YES;
				CLANG_WARN_SUSPICIOUS_MOVE = YES;
				CLANG_WARN_UNGUARDED_AVAILABILITY = YES_AGGRESSIVE;
				CLANG_WARN_UNREACHABLE_CODE = YES;
				CLANG_WARN__DUPLICATE_METHOD_MATCH = YES;
				COPY_PHASE_STRIP = NO;
				DEBUG_INFORMATION_FORMAT = dwarf;
				ENABLE_STRICT_OBJC_MSGSEND = YES;
				ENABLE_TESTABILITY = YES;
				GCC_C_LANGUAGE_STANDARD = gnu11;
				GCC_DYNAMIC_NO_PIC = NO;
				GCC_NO_COMMON_BLOCKS = YES;
				GCC_OPTIMIZATION_LEVEL = 0;
				GCC_PREPROCESSOR_DEFINITIONS = (
					"DEBUG=1",
					"$(inherited)",
				);
				GCC_WARN_64_TO_32_BIT_CONVERSION = YES;
				GCC_WARN_ABOUT_RETURN_TYPE = YES_ERROR;
				GCC_WARN_UNDECLARED_SELECTOR = YES;
				GCC_WARN_UNINITIALIZED_AUTOS = YES_AGGRESSIVE;
				GCC_WARN_UNUSED_FUNCTION = YES;
				GCC_WARN_UNUSED_VARIABLE = YES;
				IPHONEOS_DEPLOYMENT_TARGET = 13.2;
				MTL_ENABLE_DEBUG_INFO = INCLUDE_SOURCE;
				MTL_FAST_MATH = YES;
				ONLY_ACTIVE_ARCH = YES;
				SDKROOT = iphoneos;
				SWIFT_ACTIVE_COMPILATION_CONDITIONS = DEBUG;
				SWIFT_OPTIMIZATION_LEVEL = "-Onone";
			};
			name = Debug;
		};
		0C99ACCC23C6FCEE003DF531 /* Release */ = {
			isa = XCBuildConfiguration;
			buildSettings = {
				ALWAYS_SEARCH_USER_PATHS = NO;
				CLANG_ANALYZER_NONNULL = YES;
				CLANG_ANALYZER_NUMBER_OBJECT_CONVERSION = YES_AGGRESSIVE;
				CLANG_CXX_LANGUAGE_STANDARD = "gnu++14";
				CLANG_CXX_LIBRARY = "libc++";
				CLANG_ENABLE_MODULES = YES;
				CLANG_ENABLE_OBJC_ARC = YES;
				CLANG_ENABLE_OBJC_WEAK = YES;
				CLANG_WARN_BLOCK_CAPTURE_AUTORELEASING = YES;
				CLANG_WARN_BOOL_CONVERSION = YES;
				CLANG_WARN_COMMA = YES;
				CLANG_WARN_CONSTANT_CONVERSION = YES;
				CLANG_WARN_DEPRECATED_OBJC_IMPLEMENTATIONS = YES;
				CLANG_WARN_DIRECT_OBJC_ISA_USAGE = YES_ERROR;
				CLANG_WARN_DOCUMENTATION_COMMENTS = YES;
				CLANG_WARN_EMPTY_BODY = YES;
				CLANG_WARN_ENUM_CONVERSION = YES;
				CLANG_WARN_INFINITE_RECURSION = YES;
				CLANG_WARN_INT_CONVERSION = YES;
				CLANG_WARN_NON_LITERAL_NULL_CONVERSION = YES;
				CLANG_WARN_OBJC_IMPLICIT_RETAIN_SELF = YES;
				CLANG_WARN_OBJC_LITERAL_CONVERSION = YES;
				CLANG_WARN_OBJC_ROOT_CLASS = YES_ERROR;
				CLANG_WARN_RANGE_LOOP_ANALYSIS = YES;
				CLANG_WARN_STRICT_PROTOTYPES = YES;
				CLANG_WARN_SUSPICIOUS_MOVE = YES;
				CLANG_WARN_UNGUARDED_AVAILABILITY = YES_AGGRESSIVE;
				CLANG_WARN_UNREACHABLE_CODE = YES;
				CLANG_WARN__DUPLICATE_METHOD_MATCH = YES;
				COPY_PHASE_STRIP = NO;
				DEBUG_INFORMATION_FORMAT = "dwarf-with-dsym";
				ENABLE_NS_ASSERTIONS = NO;
				ENABLE_STRICT_OBJC_MSGSEND = YES;
				GCC_C_LANGUAGE_STANDARD = gnu11;
				GCC_NO_COMMON_BLOCKS = YES;
				GCC_WARN_64_TO_32_BIT_CONVERSION = YES;
				GCC_WARN_ABOUT_RETURN_TYPE = YES_ERROR;
				GCC_WARN_UNDECLARED_SELECTOR = YES;
				GCC_WARN_UNINITIALIZED_AUTOS = YES_AGGRESSIVE;
				GCC_WARN_UNUSED_FUNCTION = YES;
				GCC_WARN_UNUSED_VARIABLE = YES;
				IPHONEOS_DEPLOYMENT_TARGET = 13.2;
				MTL_ENABLE_DEBUG_INFO = NO;
				MTL_FAST_MATH = YES;
				SDKROOT = iphoneos;
				SWIFT_COMPILATION_MODE = wholemodule;
				SWIFT_OPTIMIZATION_LEVEL = "-O";
				VALIDATE_PRODUCT = YES;
			};
			name = Release;
		};
		0C99ACCE23C6FCEE003DF531 /* Debug */ = {
			isa = XCBuildConfiguration;
			buildSettings = {
				ASSETCATALOG_COMPILER_APPICON_NAME = AppIcon;
				CODE_SIGN_STYLE = Automatic;
				INFOPLIST_FILE = CustomTableView/Info.plist;
				LD_RUNPATH_SEARCH_PATHS = (
					"$(inherited)",
					"@executable_path/Frameworks",
				);
				PRODUCT_BUNDLE_IDENTIFIER = "-.CustomTableView";
				PRODUCT_NAME = "$(TARGET_NAME)";
				SWIFT_VERSION = 5.0;
				TARGETED_DEVICE_FAMILY = "1,2";
			};
			name = Debug;
		};
		0C99ACCF23C6FCEE003DF531 /* Release */ = {
			isa = XCBuildConfiguration;
			buildSettings = {
				ASSETCATALOG_COMPILER_APPICON_NAME = AppIcon;
				CODE_SIGN_STYLE = Automatic;
				INFOPLIST_FILE = CustomTableView/Info.plist;
				LD_RUNPATH_SEARCH_PATHS = (
					"$(inherited)",
					"@executable_path/Frameworks",
				);
				PRODUCT_BUNDLE_IDENTIFIER = "-.CustomTableView";
				PRODUCT_NAME = "$(TARGET_NAME)";
				SWIFT_VERSION = 5.0;
				TARGETED_DEVICE_FAMILY = "1,2";
			};
			name = Release;
		};
/* End XCBuildConfiguration section */

/* Begin XCConfigurationList section */
		0C99ACB423C6FCEC003DF531 /* Build configuration list for PBXProject "CustomTableView" */ = {
			isa = XCConfigurationList;
			buildConfigurations = (
				0C99ACCB23C6FCEE003DF531 /* Debug */,
				0C99ACCC23C6FCEE003DF531 /* Release */,
			);
			defaultConfigurationIsVisible = 0;
			defaultConfigurationName = Release;
		};
		0C99ACCD23C6FCEE003DF531 /* Build configuration list for PBXNativeTarget "CustomTableView" */ = {
			isa = XCConfigurationList;
			buildConfigurations = (
				0C99ACCE23C6FCEE003DF531 /* Debug */,
				0C99ACCF23C6FCEE003DF531 /* Release */,
			);
			defaultConfigurationIsVisible = 0;
			defaultConfigurationName = Release;
		};
/* End XCConfigurationList section */
	};
	rootObject = 0C99ACB123C6FCEC003DF531 /* Project object */;
}
