// !$*UTF8*$!
{
	archiveVersion = 1;
	classes = {
	};
	objectVersion = 50;
	objects = {

/* Begin PBXBuildFile section */
		A6C4232D23CF0FE90083F73C /* AppDelegate.swift in Sources */ = {isa = PBXBuildFile; fileRef = A6C4232C23CF0FE90083F73C /* AppDelegate.swift */; };
		A6C4232F23CF0FE90083F73C /* SceneDelegate.swift in Sources */ = {isa = PBXBuildFile; fileRef = A6C4232E23CF0FE90083F73C /* SceneDelegate.swift */; };
		A6C4233123CF0FE90083F73C /* ViewController.swift in Sources */ = {isa = PBXBuildFile; fileRef = A6C4233023CF0FE90083F73C /* ViewController.swift */; };
		A6C4233423CF0FE90083F73C /* Main.storyboard in Resources */ = {isa = PBXBuildFile; fileRef = A6C4233223CF0FE90083F73C /* Main.storyboard */; };
		A6C4233623CF0FEA0083F73C /* Assets.xcassets in Resources */ = {isa = PBXBuildFile; fileRef = A6C4233523CF0FEA0083F73C /* Assets.xcassets */; };
		A6C4233923CF0FEA0083F73C /* LaunchScreen.storyboard in Resources */ = {isa = PBXBuildFile; fileRef = A6C4233723CF0FEA0083F73C /* LaunchScreen.storyboard */; };
		E8A7270323CF82CB00E05C41 /* FirstCustomCell.swift in Sources */ = {isa = PBXBuildFile; fileRef = E8A7270223CF82CB00E05C41 /* FirstCustomCell.swift */; };
/* End PBXBuildFile section */

/* Begin PBXFileReference section */
		A6C4232923CF0FE90083F73C /* UI_presentation_1.app */ = {isa = PBXFileReference; explicitFileType = wrapper.application; includeInIndex = 0; path = UI_presentation_1.app; sourceTree = BUILT_PRODUCTS_DIR; };
		A6C4232C23CF0FE90083F73C /* AppDelegate.swift */ = {isa = PBXFileReference; lastKnownFileType = sourcecode.swift; path = AppDelegate.swift; sourceTree = "<group>"; };
		A6C4232E23CF0FE90083F73C /* SceneDelegate.swift */ = {isa = PBXFileReference; lastKnownFileType = sourcecode.swift; path = SceneDelegate.swift; sourceTree = "<group>"; };
		A6C4233023CF0FE90083F73C /* ViewController.swift */ = {isa = PBXFileReference; lastKnownFileType = sourcecode.swift; path = ViewController.swift; sourceTree = "<group>"; };
		A6C4233323CF0FE90083F73C /* Base */ = {isa = PBXFileReference; lastKnownFileType = file.storyboard; name = Base; path = Base.lproj/Main.storyboard; sourceTree = "<group>"; };
		A6C4233523CF0FEA0083F73C /* Assets.xcassets */ = {isa = PBXFileReference; lastKnownFileType = folder.assetcatalog; path = Assets.xcassets; sourceTree = "<group>"; };
		A6C4233823CF0FEA0083F73C /* Base */ = {isa = PBXFileReference; lastKnownFileType = file.storyboard; name = Base; path = Base.lproj/LaunchScreen.storyboard; sourceTree = "<group>"; };
		A6C4233A23CF0FEA0083F73C /* Info.plist */ = {isa = PBXFileReference; lastKnownFileType = text.plist.xml; path = Info.plist; sourceTree = "<group>"; };
		E8A7270223CF82CB00E05C41 /* FirstCustomCell.swift */ = {isa = PBXFileReference; lastKnownFileType = sourcecode.swift; path = FirstCustomCell.swift; sourceTree = "<group>"; };
/* End PBXFileReference section */

/* Begin PBXFrameworksBuildPhase section */
		A6C4232623CF0FE90083F73C /* Frameworks */ = {
			isa = PBXFrameworksBuildPhase;
			buildActionMask = 2147483647;
			files = (
			);
			runOnlyForDeploymentPostprocessing = 0;
		};
/* End PBXFrameworksBuildPhase section */

/* Begin PBXGroup section */
		A6C4232023CF0FE90083F73C = {
			isa = PBXGroup;
			children = (
				A6C4232B23CF0FE90083F73C /* UI_presentation_1 */,
				A6C4232A23CF0FE90083F73C /* Products */,
			);
			sourceTree = "<group>";
		};
		A6C4232A23CF0FE90083F73C /* Products */ = {
			isa = PBXGroup;
			children = (
				A6C4232923CF0FE90083F73C /* UI_presentation_1.app */,
			);
			name = Products;
			sourceTree = "<group>";
		};
		A6C4232B23CF0FE90083F73C /* UI_presentation_1 */ = {
			isa = PBXGroup;
			children = (
				A6C4232C23CF0FE90083F73C /* AppDelegate.swift */,
				A6C4232E23CF0FE90083F73C /* SceneDelegate.swift */,
				A6C4233023CF0FE90083F73C /* ViewController.swift */,
				A6C4233223CF0FE90083F73C /* Main.storyboard */,
				A6C4233523CF0FEA0083F73C /* Assets.xcassets */,
				A6C4233723CF0FEA0083F73C /* LaunchScreen.storyboard */,
				A6C4233A23CF0FEA0083F73C /* Info.plist */,
				E8A7270223CF82CB00E05C41 /* FirstCustomCell.swift */,
			);
			path = UI_presentation_1;
			sourceTree = "<group>";
		};
/* End PBXGroup section */

/* Begin PBXNativeTarget section */
		A6C4232823CF0FE90083F73C /* UI_presentation_1 */ = {
			isa = PBXNativeTarget;
			buildConfigurationList = A6C4233D23CF0FEA0083F73C /* Build configuration list for PBXNativeTarget "UI_presentation_1" */;
			buildPhases = (
				A6C4232523CF0FE90083F73C /* Sources */,
				A6C4232623CF0FE90083F73C /* Frameworks */,
				A6C4232723CF0FE90083F73C /* Resources */,
			);
			buildRules = (
			);
			dependencies = (
			);
			name = UI_presentation_1;
			productName = UI_presentation_1;
			productReference = A6C4232923CF0FE90083F73C /* UI_presentation_1.app */;
			productType = "com.apple.product-type.application";
		};
/* End PBXNativeTarget section */

/* Begin PBXProject section */
		A6C4232123CF0FE90083F73C /* Project object */ = {
			isa = PBXProject;
			attributes = {
				LastSwiftUpdateCheck = 1130;
				LastUpgradeCheck = 1130;
				ORGANIZATIONNAME = "임연지";
				TargetAttributes = {
					A6C4232823CF0FE90083F73C = {
						CreatedOnToolsVersion = 11.3.1;
					};
				};
			};
			buildConfigurationList = A6C4232423CF0FE90083F73C /* Build configuration list for PBXProject "UI_presentation_1" */;
			compatibilityVersion = "Xcode 9.3";
			developmentRegion = en;
			hasScannedForEncodings = 0;
			knownRegions = (
				en,
				Base,
			);
			mainGroup = A6C4232023CF0FE90083F73C;
			productRefGroup = A6C4232A23CF0FE90083F73C /* Products */;
			projectDirPath = "";
			projectRoot = "";
			targets = (
				A6C4232823CF0FE90083F73C /* UI_presentation_1 */,
			);
		};
/* End PBXProject section */

/* Begin PBXResourcesBuildPhase section */
		A6C4232723CF0FE90083F73C /* Resources */ = {
			isa = PBXResourcesBuildPhase;
			buildActionMask = 2147483647;
			files = (
				A6C4233923CF0FEA0083F73C /* LaunchScreen.storyboard in Resources */,
				A6C4233623CF0FEA0083F73C /* Assets.xcassets in Resources */,
				A6C4233423CF0FE90083F73C /* Main.storyboard in Resources */,
			);
			runOnlyForDeploymentPostprocessing = 0;
		};
/* End PBXResourcesBuildPhase section */

/* Begin PBXSourcesBuildPhase section */
		A6C4232523CF0FE90083F73C /* Sources */ = {
			isa = PBXSourcesBuildPhase;
			buildActionMask = 2147483647;
			files = (
				A6C4233123CF0FE90083F73C /* ViewController.swift in Sources */,
				A6C4232D23CF0FE90083F73C /* AppDelegate.swift in Sources */,
				A6C4232F23CF0FE90083F73C /* SceneDelegate.swift in Sources */,
				E8A7270323CF82CB00E05C41 /* FirstCustomCell.swift in Sources */,
			);
			runOnlyForDeploymentPostprocessing = 0;
		};
/* End PBXSourcesBuildPhase section */

/* Begin PBXVariantGroup section */
		A6C4233223CF0FE90083F73C /* Main.storyboard */ = {
			isa = PBXVariantGroup;
			children = (
				A6C4233323CF0FE90083F73C /* Base */,
			);
			name = Main.storyboard;
			sourceTree = "<group>";
		};
		A6C4233723CF0FEA0083F73C /* LaunchScreen.storyboard */ = {
			isa = PBXVariantGroup;
			children = (
				A6C4233823CF0FEA0083F73C /* Base */,
			);
			name = LaunchScreen.storyboard;
			sourceTree = "<group>";
		};
/* End PBXVariantGroup section */

/* Begin XCBuildConfiguration section */
		A6C4233B23CF0FEA0083F73C /* Debug */ = {
			isa = XCBuildConfiguration;
			buildSettings = {
				ALWAYS_SEARCH_USER_PATHS = NO;
				CLANG_ANALYZER_NONNULL = YES;
				CLANG_ANALYZER_NUMBER_OBJECT_CONVERSION = YES_AGGRESSIVE;
				CLANG_CXX_LANGUAGE_STANDARD = "gnu++14";
				CLANG_CXX_LIBRARY = "libc++";
				CLANG_ENABLE_MODULES = YES;
				CLANG_ENABLE_OBJC_ARC = YES;
				CLANG_ENABLE_OBJC_WEAK = YES;
				CLANG_WARN_BLOCK_CAPTURE_AUTORELEASING = YES;
				CLANG_WARN_BOOL_CONVERSION = YES;
				CLANG_WARN_COMMA = YES;
				CLANG_WARN_CONSTANT_CONVERSION = YES;
				CLANG_WARN_DEPRECATED_OBJC_IMPLEMENTATIONS = YES;
				CLANG_WARN_DIRECT_OBJC_ISA_USAGE = YES_ERROR;
				CLANG_WARN_DOCUMENTATION_COMMENTS = YES;
				CLANG_WARN_EMPTY_BODY = YES;
				CLANG_WARN_ENUM_CONVERSION = YES;
				CLANG_WARN_INFINITE_RECURSION = YES;
				CLANG_WARN_INT_CONVERSION = YES;
				CLANG_WARN_NON_LITERAL_NULL_CONVERSION = YES;
				CLANG_WARN_OBJC_IMPLICIT_RETAIN_SELF = YES;
				CLANG_WARN_OBJC_LITERAL_CONVERSION = YES;
				CLANG_WARN_OBJC_ROOT_CLASS = YES_ERROR;
				CLANG_WARN_RANGE_LOOP_ANALYSIS = YES;
				CLANG_WARN_STRICT_PROTOTYPES = YES;
				CLANG_WARN_SUSPICIOUS_MOVE = YES;
				CLANG_WARN_UNGUARDED_AVAILABILITY = YES_AGGRESSIVE;
				CLANG_WARN_UNREACHABLE_CODE = YES;
				CLANG_WARN__DUPLICATE_METHOD_MATCH = YES;
				COPY_PHASE_STRIP = NO;
				DEBUG_INFORMATION_FORMAT = dwarf;
				ENABLE_STRICT_OBJC_MSGSEND = YES;
				ENABLE_TESTABILITY = YES;
				GCC_C_LANGUAGE_STANDARD = gnu11;
				GCC_DYNAMIC_NO_PIC = NO;
				GCC_NO_COMMON_BLOCKS = YES;
				GCC_OPTIMIZATION_LEVEL = 0;
				GCC_PREPROCESSOR_DEFINITIONS = (
					"DEBUG=1",
					"$(inherited)",
				);
				GCC_WARN_64_TO_32_BIT_CONVERSION = YES;
				GCC_WARN_ABOUT_RETURN_TYPE = YES_ERROR;
				GCC_WARN_UNDECLARED_SELECTOR = YES;
				GCC_WARN_UNINITIALIZED_AUTOS = YES_AGGRESSIVE;
				GCC_WARN_UNUSED_FUNCTION = YES;
				GCC_WARN_UNUSED_VARIABLE = YES;
				IPHONEOS_DEPLOYMENT_TARGET = 13.2;
				MTL_ENABLE_DEBUG_INFO = INCLUDE_SOURCE;
				MTL_FAST_MATH = YES;
				ONLY_ACTIVE_ARCH = YES;
				SDKROOT = iphoneos;
				SWIFT_ACTIVE_COMPILATION_CONDITIONS = DEBUG;
				SWIFT_OPTIMIZATION_LEVEL = "-Onone";
			};
			name = Debug;
		};
		A6C4233C23CF0FEA0083F73C /* Release */ = {
			isa = XCBuildConfiguration;
			buildSettings = {
				ALWAYS_SEARCH_USER_PATHS = NO;
				CLANG_ANALYZER_NONNULL = YES;
				CLANG_ANALYZER_NUMBER_OBJECT_CONVERSION = YES_AGGRESSIVE;
				CLANG_CXX_LANGUAGE_STANDARD = "gnu++14";
				CLANG_CXX_LIBRARY = "libc++";
				CLANG_ENABLE_MODULES = YES;
				CLANG_ENABLE_OBJC_ARC = YES;
				CLANG_ENABLE_OBJC_WEAK = YES;
				CLANG_WARN_BLOCK_CAPTURE_AUTORELEASING = YES;
				CLANG_WARN_BOOL_CONVERSION = YES;
				CLANG_WARN_COMMA = YES;
				CLANG_WARN_CONSTANT_CONVERSION = YES;
				CLANG_WARN_DEPRECATED_OBJC_IMPLEMENTATIONS = YES;
				CLANG_WARN_DIRECT_OBJC_ISA_USAGE = YES_ERROR;
				CLANG_WARN_DOCUMENTATION_COMMENTS = YES;
				CLANG_WARN_EMPTY_BODY = YES;
				CLANG_WARN_ENUM_CONVERSION = YES;
				CLANG_WARN_INFINITE_RECURSION = YES;
				CLANG_WARN_INT_CONVERSION = YES;
				CLANG_WARN_NON_LITERAL_NULL_CONVERSION = YES;
				CLANG_WARN_OBJC_IMPLICIT_RETAIN_SELF = YES;
				CLANG_WARN_OBJC_LITERAL_CONVERSION = YES;
				CLANG_WARN_OBJC_ROOT_CLASS = YES_ERROR;
				CLANG_WARN_RANGE_LOOP_ANALYSIS = YES;
				CLANG_WARN_STRICT_PROTOTYPES = YES;
				CLANG_WARN_SUSPICIOUS_MOVE = YES;
				CLANG_WARN_UNGUARDED_AVAILABILITY = YES_AGGRESSIVE;
				CLANG_WARN_UNREACHABLE_CODE = YES;
				CLANG_WARN__DUPLICATE_METHOD_MATCH = YES;
				COPY_PHASE_STRIP = NO;
				DEBUG_INFORMATION_FORMAT = "dwarf-with-dsym";
				ENABLE_NS_ASSERTIONS = NO;
				ENABLE_STRICT_OBJC_MSGSEND = YES;
				GCC_C_LANGUAGE_STANDARD = gnu11;
				GCC_NO_COMMON_BLOCKS = YES;
				GCC_WARN_64_TO_32_BIT_CONVERSION = YES;
				GCC_WARN_ABOUT_RETURN_TYPE = YES_ERROR;
				GCC_WARN_UNDECLARED_SELECTOR = YES;
				GCC_WARN_UNINITIALIZED_AUTOS = YES_AGGRESSIVE;
				GCC_WARN_UNUSED_FUNCTION = YES;
				GCC_WARN_UNUSED_VARIABLE = YES;
				IPHONEOS_DEPLOYMENT_TARGET = 13.2;
				MTL_ENABLE_DEBUG_INFO = NO;
				MTL_FAST_MATH = YES;
				SDKROOT = iphoneos;
				SWIFT_COMPILATION_MODE = wholemodule;
				SWIFT_OPTIMIZATION_LEVEL = "-O";
				VALIDATE_PRODUCT = YES;
			};
			name = Release;
		};
		A6C4233E23CF0FEA0083F73C /* Debug */ = {
			isa = XCBuildConfiguration;
			buildSettings = {
				ASSETCATALOG_COMPILER_APPICON_NAME = AppIcon;
				CODE_SIGN_STYLE = Automatic;
				DEVELOPMENT_TEAM = T55J7T2G8C;
				INFOPLIST_FILE = UI_presentation_1/Info.plist;
				LD_RUNPATH_SEARCH_PATHS = (
					"$(inherited)",
					"@executable_path/Frameworks",
				);
				PRODUCT_BUNDLE_IDENTIFIER = "SWAI.UI-presentation-1";
				PRODUCT_NAME = "$(TARGET_NAME)";
				SWIFT_VERSION = 5.0;
				TARGETED_DEVICE_FAMILY = "1,2";
			};
			name = Debug;
		};
		A6C4233F23CF0FEA0083F73C /* Release */ = {
			isa = XCBuildConfiguration;
			buildSettings = {
				ASSETCATALOG_COMPILER_APPICON_NAME = AppIcon;
				CODE_SIGN_STYLE = Automatic;
				DEVELOPMENT_TEAM = T55J7T2G8C;
				INFOPLIST_FILE = UI_presentation_1/Info.plist;
				LD_RUNPATH_SEARCH_PATHS = (
					"$(inherited)",
					"@executable_path/Frameworks",
				);
				PRODUCT_BUNDLE_IDENTIFIER = "SWAI.UI-presentation-1";
				PRODUCT_NAME = "$(TARGET_NAME)";
				SWIFT_VERSION = 5.0;
				TARGETED_DEVICE_FAMILY = "1,2";
			};
			name = Release;
		};
/* End XCBuildConfiguration section */

/* Begin XCConfigurationList section */
		A6C4232423CF0FE90083F73C /* Build configuration list for PBXProject "UI_presentation_1" */ = {
			isa = XCConfigurationList;
			buildConfigurations = (
				A6C4233B23CF0FEA0083F73C /* Debug */,
				A6C4233C23CF0FEA0083F73C /* Release */,
			);
			defaultConfigurationIsVisible = 0;
			defaultConfigurationName = Release;
		};
		A6C4233D23CF0FEA0083F73C /* Build configuration list for PBXNativeTarget "UI_presentation_1" */ = {
			isa = XCConfigurationList;
			buildConfigurations = (
				A6C4233E23CF0FEA0083F73C /* Debug */,
				A6C4233F23CF0FEA0083F73C /* Release */,
			);
			defaultConfigurationIsVisible = 0;
			defaultConfigurationName = Release;
		};
/* End XCConfigurationList section */
	};
	rootObject = A6C4232123CF0FE90083F73C /* Project object */;
}
