// !$*UTF8*$!
{
	archiveVersion = 1;
	classes = {
	};
	objectVersion = 51;
	objects = {

/* Begin PBXBuildFile section */
		A636D3BA23D5B1860040FC04 /* SettingTab.storyboard in Resources */ = {isa = PBXBuildFile; fileRef = A636D3B923D5B1860040FC04 /* SettingTab.storyboard */; };
		A636D3BC23D5B2740040FC04 /* HomeTab.storyboard in Resources */ = {isa = PBXBuildFile; fileRef = A636D3BB23D5B2740040FC04 /* HomeTab.storyboard */; };
		A6A7046123D691450027504B /* MainViewController.swift in Sources */ = {isa = PBXBuildFile; fileRef = A6A7046023D691450027504B /* MainViewController.swift */; };
		A6C4232D23CF0FE90083F73C /* AppDelegate.swift in Sources */ = {isa = PBXBuildFile; fileRef = A6C4232C23CF0FE90083F73C /* AppDelegate.swift */; };
		A6C4232F23CF0FE90083F73C /* SceneDelegate.swift in Sources */ = {isa = PBXBuildFile; fileRef = A6C4232E23CF0FE90083F73C /* SceneDelegate.swift */; };
		A6C4233423CF0FE90083F73C /* Main.storyboard in Resources */ = {isa = PBXBuildFile; fileRef = A6C4233223CF0FE90083F73C /* Main.storyboard */; };
		A6C4233623CF0FEA0083F73C /* Assets.xcassets in Resources */ = {isa = PBXBuildFile; fileRef = A6C4233523CF0FEA0083F73C /* Assets.xcassets */; };
		A6C4233923CF0FEA0083F73C /* LaunchScreen.storyboard in Resources */ = {isa = PBXBuildFile; fileRef = A6C4233723CF0FEA0083F73C /* LaunchScreen.storyboard */; };
		A6EB14F223D6D68A00F02242 /* KindsOfSegues.swift in Sources */ = {isa = PBXBuildFile; fileRef = A6EB14F123D6D68A00F02242 /* KindsOfSegues.swift */; };
		B581E2A023DC979A00EB4E9F /* GoogleService-Info.plist in Resources */ = {isa = PBXBuildFile; fileRef = B581E29F23DC979A00EB4E9F /* GoogleService-Info.plist */; };
		E84D3D1723DAB9D000537CFB /* ViewController.swift in Sources */ = {isa = PBXBuildFile; fileRef = E84D3D1623DAB9D000537CFB /* ViewController.swift */; };
		E84D3D1923DACD9E00537CFB /* DataTabDescViewController.swift in Sources */ = {isa = PBXBuildFile; fileRef = E84D3D1823DACD9E00537CFB /* DataTabDescViewController.swift */; };
		E84D3D1B23DADB6300537CFB /* DataTab.storyboard in Resources */ = {isa = PBXBuildFile; fileRef = E84D3D1A23DADB6300537CFB /* DataTab.storyboard */; };
		E8A7270323CF82CB00E05C41 /* FirstCustomCell.swift in Sources */ = {isa = PBXBuildFile; fileRef = E8A7270223CF82CB00E05C41 /* FirstCustomCell.swift */; };
		E8DF0CAF23DAB48A00D6FF0B /* CustomCell.xib in Resources */ = {isa = PBXBuildFile; fileRef = E8DF0CAD23DAB48A00D6FF0B /* CustomCell.xib */; };
		E8DF0CB023DAB48A00D6FF0B /* CustomCell.swift in Sources */ = {isa = PBXBuildFile; fileRef = E8DF0CAE23DAB48A00D6FF0B /* CustomCell.swift */; };
		FE406301BA65FD932B8B6349 /* Pods_UI_presentation_1.framework in Frameworks */ = {isa = PBXBuildFile; fileRef = 282CC3627112373B6371E6E3 /* Pods_UI_presentation_1.framework */; };
/* End PBXBuildFile section */

/* Begin PBXFileReference section */
		282CC3627112373B6371E6E3 /* Pods_UI_presentation_1.framework */ = {isa = PBXFileReference; explicitFileType = wrapper.framework; includeInIndex = 0; path = Pods_UI_presentation_1.framework; sourceTree = BUILT_PRODUCTS_DIR; };
		8D8C21AF1F0AD78EEF1EF339 /* Pods-UI_presentation_1.debug.xcconfig */ = {isa = PBXFileReference; includeInIndex = 1; lastKnownFileType = text.xcconfig; name = "Pods-UI_presentation_1.debug.xcconfig"; path = "Target Support Files/Pods-UI_presentation_1/Pods-UI_presentation_1.debug.xcconfig"; sourceTree = "<group>"; };
		A636D3B923D5B1860040FC04 /* SettingTab.storyboard */ = {isa = PBXFileReference; lastKnownFileType = file.storyboard; path = SettingTab.storyboard; sourceTree = "<group>"; };
		A636D3BB23D5B2740040FC04 /* HomeTab.storyboard */ = {isa = PBXFileReference; lastKnownFileType = file.storyboard; path = HomeTab.storyboard; sourceTree = "<group>"; };
		A6A7046023D691450027504B /* MainViewController.swift */ = {isa = PBXFileReference; lastKnownFileType = sourcecode.swift; path = MainViewController.swift; sourceTree = "<group>"; };
		A6C4232923CF0FE90083F73C /* SleepWithAI.app */ = {isa = PBXFileReference; explicitFileType = wrapper.application; includeInIndex = 0; path = SleepWithAI.app; sourceTree = BUILT_PRODUCTS_DIR; };
		A6C4232C23CF0FE90083F73C /* AppDelegate.swift */ = {isa = PBXFileReference; lastKnownFileType = sourcecode.swift; path = AppDelegate.swift; sourceTree = "<group>"; };
		A6C4232E23CF0FE90083F73C /* SceneDelegate.swift */ = {isa = PBXFileReference; lastKnownFileType = sourcecode.swift; path = SceneDelegate.swift; sourceTree = "<group>"; };
		A6C4233323CF0FE90083F73C /* Base */ = {isa = PBXFileReference; lastKnownFileType = file.storyboard; name = Base; path = Base.lproj/Main.storyboard; sourceTree = "<group>"; };
		A6C4233523CF0FEA0083F73C /* Assets.xcassets */ = {isa = PBXFileReference; lastKnownFileType = folder.assetcatalog; path = Assets.xcassets; sourceTree = "<group>"; };
		A6C4233823CF0FEA0083F73C /* Base */ = {isa = PBXFileReference; lastKnownFileType = file.storyboard; name = Base; path = Base.lproj/LaunchScreen.storyboard; sourceTree = "<group>"; };
		A6C4233A23CF0FEA0083F73C /* Info.plist */ = {isa = PBXFileReference; lastKnownFileType = text.plist.xml; path = Info.plist; sourceTree = "<group>"; };
		A6EB14F123D6D68A00F02242 /* KindsOfSegues.swift */ = {isa = PBXFileReference; lastKnownFileType = sourcecode.swift; path = KindsOfSegues.swift; sourceTree = "<group>"; };
		AAF09F5FA595A4AB309337F6 /* Pods-UI_presentation_1.release.xcconfig */ = {isa = PBXFileReference; includeInIndex = 1; lastKnownFileType = text.xcconfig; name = "Pods-UI_presentation_1.release.xcconfig"; path = "Target Support Files/Pods-UI_presentation_1/Pods-UI_presentation_1.release.xcconfig"; sourceTree = "<group>"; };
<<<<<<< HEAD
		B581E29F23DC979A00EB4E9F /* GoogleService-Info.plist */ = {isa = PBXFileReference; fileEncoding = 4; lastKnownFileType = text.plist.xml; name = "GoogleService-Info.plist"; path = "../../../../../Downloads/GoogleService-Info.plist"; sourceTree = "<group>"; };
		B581E2A123DC9ACA00EB4E9F /* SleepWithAI.entitlements */ = {isa = PBXFileReference; lastKnownFileType = text.plist.entitlements; path = SleepWithAI.entitlements; sourceTree = "<group>"; };
		E84D3D1623DAB9D000537CFB /* ViewController.swift */ = {isa = PBXFileReference; fileEncoding = 4; lastKnownFileType = sourcecode.swift; path = ViewController.swift; sourceTree = "<group>"; };
=======
		E84D3D1623DAB9D000537CFB /* ViewController.swift */ = {isa = PBXFileReference; fileEncoding = 4; lastKnownFileType = sourcecode.swift; name = ViewController.swift; path = "../../../../../../Downloads/SleepWithAI 4/SWAI_UI_20200120/UI_presentation_1/UI_presentation_1/ViewController.swift"; sourceTree = "<group>"; };
>>>>>>> parent of 1ec3b97... reload to check success
		E84D3D1823DACD9E00537CFB /* DataTabDescViewController.swift */ = {isa = PBXFileReference; lastKnownFileType = sourcecode.swift; path = DataTabDescViewController.swift; sourceTree = "<group>"; };
		E84D3D1A23DADB6300537CFB /* DataTab.storyboard */ = {isa = PBXFileReference; fileEncoding = 4; lastKnownFileType = file.storyboard; path = DataTab.storyboard; sourceTree = "<group>"; };
		E8A7270223CF82CB00E05C41 /* FirstCustomCell.swift */ = {isa = PBXFileReference; lastKnownFileType = sourcecode.swift; path = FirstCustomCell.swift; sourceTree = "<group>"; };
		E8DF0CAD23DAB48A00D6FF0B /* CustomCell.xib */ = {isa = PBXFileReference; fileEncoding = 4; lastKnownFileType = file.xib; path = CustomCell.xib; sourceTree = "<group>"; };
		E8DF0CAE23DAB48A00D6FF0B /* CustomCell.swift */ = {isa = PBXFileReference; fileEncoding = 4; lastKnownFileType = sourcecode.swift; path = CustomCell.swift; sourceTree = "<group>"; };
/* End PBXFileReference section */

/* Begin PBXFrameworksBuildPhase section */
		A6C4232623CF0FE90083F73C /* Frameworks */ = {
			isa = PBXFrameworksBuildPhase;
			buildActionMask = 2147483647;
			files = (
				FE406301BA65FD932B8B6349 /* Pods_UI_presentation_1.framework in Frameworks */,
			);
			runOnlyForDeploymentPostprocessing = 0;
		};
/* End PBXFrameworksBuildPhase section */

/* Begin PBXGroup section */
		A6C4232023CF0FE90083F73C = {
			isa = PBXGroup;
			children = (
				A6C4232B23CF0FE90083F73C /* UI_presentation_1 */,
				A6C4232A23CF0FE90083F73C /* Products */,
				D892304C3D7238B3E4A72666 /* Pods */,
				E4466C927E45D7A3AC45968B /* Frameworks */,
			);
			sourceTree = "<group>";
		};
		A6C4232A23CF0FE90083F73C /* Products */ = {
			isa = PBXGroup;
			children = (
				A6C4232923CF0FE90083F73C /* SleepWithAI.app */,
			);
			name = Products;
			sourceTree = "<group>";
		};
		A6C4232B23CF0FE90083F73C /* UI_presentation_1 */ = {
			isa = PBXGroup;
			children = (
				B581E2A123DC9ACA00EB4E9F /* SleepWithAI.entitlements */,
				E8DF0CAC23DAB48A00D6FF0B /* Cells */,
				A6C4233223CF0FE90083F73C /* Main.storyboard */,
				E84D3D1A23DADB6300537CFB /* DataTab.storyboard */,
				A636D3BB23D5B2740040FC04 /* HomeTab.storyboard */,
				A636D3B923D5B1860040FC04 /* SettingTab.storyboard */,
				A6C4233723CF0FEA0083F73C /* LaunchScreen.storyboard */,
				E84D3D1823DACD9E00537CFB /* DataTabDescViewController.swift */,
				E84D3D1623DAB9D000537CFB /* ViewController.swift */,
				A6C4232C23CF0FE90083F73C /* AppDelegate.swift */,
				A6C4232E23CF0FE90083F73C /* SceneDelegate.swift */,
				E8A7270223CF82CB00E05C41 /* FirstCustomCell.swift */,
				A6A7046023D691450027504B /* MainViewController.swift */,
				A6EB14F123D6D68A00F02242 /* KindsOfSegues.swift */,
				A6C4233523CF0FEA0083F73C /* Assets.xcassets */,
				B581E29F23DC979A00EB4E9F /* GoogleService-Info.plist */,
				A6C4233A23CF0FEA0083F73C /* Info.plist */,
			);
			path = UI_presentation_1;
			sourceTree = "<group>";
		};
		D892304C3D7238B3E4A72666 /* Pods */ = {
			isa = PBXGroup;
			children = (
				8D8C21AF1F0AD78EEF1EF339 /* Pods-UI_presentation_1.debug.xcconfig */,
				AAF09F5FA595A4AB309337F6 /* Pods-UI_presentation_1.release.xcconfig */,
			);
			path = Pods;
			sourceTree = "<group>";
		};
		E4466C927E45D7A3AC45968B /* Frameworks */ = {
			isa = PBXGroup;
			children = (
				282CC3627112373B6371E6E3 /* Pods_UI_presentation_1.framework */,
			);
			name = Frameworks;
			sourceTree = "<group>";
		};
		E8DF0CAC23DAB48A00D6FF0B /* Cells */ = {
			isa = PBXGroup;
			children = (
				E8DF0CAD23DAB48A00D6FF0B /* CustomCell.xib */,
				E8DF0CAE23DAB48A00D6FF0B /* CustomCell.swift */,
			);
			path = Cells;
			sourceTree = "<group>";
		};
/* End PBXGroup section */

/* Begin PBXNativeTarget section */
		A6C4232823CF0FE90083F73C /* UI_presentation_1 */ = {
			isa = PBXNativeTarget;
			buildConfigurationList = A6C4233D23CF0FEA0083F73C /* Build configuration list for PBXNativeTarget "UI_presentation_1" */;
			buildPhases = (
				AE9DD3DB28253D73D945DB39 /* [CP] Check Pods Manifest.lock */,
				A6C4232523CF0FE90083F73C /* Sources */,
				A6C4232623CF0FE90083F73C /* Frameworks */,
				A6C4232723CF0FE90083F73C /* Resources */,
				214CF499A4F19D65481B8393 /* [CP] Embed Pods Frameworks */,
			);
			buildRules = (
			);
			dependencies = (
			);
			name = UI_presentation_1;
			productName = UI_presentation_1;
			productReference = A6C4232923CF0FE90083F73C /* SleepWithAI.app */;
			productType = "com.apple.product-type.application";
		};
/* End PBXNativeTarget section */

/* Begin PBXProject section */
		A6C4232123CF0FE90083F73C /* Project object */ = {
			isa = PBXProject;
			attributes = {
				LastSwiftUpdateCheck = 1130;
				LastUpgradeCheck = 1130;
				ORGANIZATIONNAME = "임연지";
				TargetAttributes = {
					A6C4232823CF0FE90083F73C = {
						CreatedOnToolsVersion = 11.3.1;
					};
				};
			};
			buildConfigurationList = A6C4232423CF0FE90083F73C /* Build configuration list for PBXProject "UI_presentation_1" */;
			compatibilityVersion = "Xcode 9.3";
			developmentRegion = en;
			hasScannedForEncodings = 0;
			knownRegions = (
				en,
				Base,
			);
			mainGroup = A6C4232023CF0FE90083F73C;
			productRefGroup = A6C4232A23CF0FE90083F73C /* Products */;
			projectDirPath = "";
			projectRoot = "";
			targets = (
				A6C4232823CF0FE90083F73C /* UI_presentation_1 */,
			);
		};
/* End PBXProject section */

/* Begin PBXResourcesBuildPhase section */
		A6C4232723CF0FE90083F73C /* Resources */ = {
			isa = PBXResourcesBuildPhase;
			buildActionMask = 2147483647;
			files = (
				A6C4233923CF0FEA0083F73C /* LaunchScreen.storyboard in Resources */,
				B581E2A023DC979A00EB4E9F /* GoogleService-Info.plist in Resources */,
				E84D3D1B23DADB6300537CFB /* DataTab.storyboard in Resources */,
				A6C4233623CF0FEA0083F73C /* Assets.xcassets in Resources */,
				E8DF0CAF23DAB48A00D6FF0B /* CustomCell.xib in Resources */,
				A636D3BA23D5B1860040FC04 /* SettingTab.storyboard in Resources */,
				A6C4233423CF0FE90083F73C /* Main.storyboard in Resources */,
				A636D3BC23D5B2740040FC04 /* HomeTab.storyboard in Resources */,
			);
			runOnlyForDeploymentPostprocessing = 0;
		};
/* End PBXResourcesBuildPhase section */

/* Begin PBXShellScriptBuildPhase section */
		214CF499A4F19D65481B8393 /* [CP] Embed Pods Frameworks */ = {
			isa = PBXShellScriptBuildPhase;
			buildActionMask = 2147483647;
			files = (
			);
			inputFileListPaths = (
				"${PODS_ROOT}/Target Support Files/Pods-UI_presentation_1/Pods-UI_presentation_1-frameworks-${CONFIGURATION}-input-files.xcfilelist",
			);
			name = "[CP] Embed Pods Frameworks";
			outputFileListPaths = (
				"${PODS_ROOT}/Target Support Files/Pods-UI_presentation_1/Pods-UI_presentation_1-frameworks-${CONFIGURATION}-output-files.xcfilelist",
			);
			runOnlyForDeploymentPostprocessing = 0;
			shellPath = /bin/sh;
			shellScript = "\"${PODS_ROOT}/Target Support Files/Pods-UI_presentation_1/Pods-UI_presentation_1-frameworks.sh\"\n";
			showEnvVarsInLog = 0;
		};
		AE9DD3DB28253D73D945DB39 /* [CP] Check Pods Manifest.lock */ = {
			isa = PBXShellScriptBuildPhase;
			buildActionMask = 2147483647;
			files = (
			);
			inputFileListPaths = (
			);
			inputPaths = (
				"${PODS_PODFILE_DIR_PATH}/Podfile.lock",
				"${PODS_ROOT}/Manifest.lock",
			);
			name = "[CP] Check Pods Manifest.lock";
			outputFileListPaths = (
			);
			outputPaths = (
				"$(DERIVED_FILE_DIR)/Pods-UI_presentation_1-checkManifestLockResult.txt",
			);
			runOnlyForDeploymentPostprocessing = 0;
			shellPath = /bin/sh;
			shellScript = "diff \"${PODS_PODFILE_DIR_PATH}/Podfile.lock\" \"${PODS_ROOT}/Manifest.lock\" > /dev/null\nif [ $? != 0 ] ; then\n    # print error to STDERR\n    echo \"error: The sandbox is not in sync with the Podfile.lock. Run 'pod install' or update your CocoaPods installation.\" >&2\n    exit 1\nfi\n# This output is used by Xcode 'outputs' to avoid re-running this script phase.\necho \"SUCCESS\" > \"${SCRIPT_OUTPUT_FILE_0}\"\n";
			showEnvVarsInLog = 0;
		};
/* End PBXShellScriptBuildPhase section */

/* Begin PBXSourcesBuildPhase section */
		A6C4232523CF0FE90083F73C /* Sources */ = {
			isa = PBXSourcesBuildPhase;
			buildActionMask = 2147483647;
			files = (
				A6C4232D23CF0FE90083F73C /* AppDelegate.swift in Sources */,
				E84D3D1923DACD9E00537CFB /* DataTabDescViewController.swift in Sources */,
				A6C4232F23CF0FE90083F73C /* SceneDelegate.swift in Sources */,
				E8A7270323CF82CB00E05C41 /* FirstCustomCell.swift in Sources */,
				A6EB14F223D6D68A00F02242 /* KindsOfSegues.swift in Sources */,
				E84D3D1723DAB9D000537CFB /* ViewController.swift in Sources */,
				E8DF0CB023DAB48A00D6FF0B /* CustomCell.swift in Sources */,
				A6A7046123D691450027504B /* MainViewController.swift in Sources */,
			);
			runOnlyForDeploymentPostprocessing = 0;
		};
/* End PBXSourcesBuildPhase section */

/* Begin PBXVariantGroup section */
		A6C4233223CF0FE90083F73C /* Main.storyboard */ = {
			isa = PBXVariantGroup;
			children = (
				A6C4233323CF0FE90083F73C /* Base */,
			);
			name = Main.storyboard;
			sourceTree = "<group>";
		};
		A6C4233723CF0FEA0083F73C /* LaunchScreen.storyboard */ = {
			isa = PBXVariantGroup;
			children = (
				A6C4233823CF0FEA0083F73C /* Base */,
			);
			name = LaunchScreen.storyboard;
			sourceTree = "<group>";
		};
/* End PBXVariantGroup section */

/* Begin XCBuildConfiguration section */
		A6C4233B23CF0FEA0083F73C /* Debug */ = {
			isa = XCBuildConfiguration;
			buildSettings = {
				ALWAYS_SEARCH_USER_PATHS = NO;
				CLANG_ANALYZER_NONNULL = YES;
				CLANG_ANALYZER_NUMBER_OBJECT_CONVERSION = YES_AGGRESSIVE;
				CLANG_CXX_LANGUAGE_STANDARD = "gnu++14";
				CLANG_CXX_LIBRARY = "libc++";
				CLANG_ENABLE_MODULES = YES;
				CLANG_ENABLE_OBJC_ARC = YES;
				CLANG_ENABLE_OBJC_WEAK = YES;
				CLANG_WARN_BLOCK_CAPTURE_AUTORELEASING = YES;
				CLANG_WARN_BOOL_CONVERSION = YES;
				CLANG_WARN_COMMA = YES;
				CLANG_WARN_CONSTANT_CONVERSION = YES;
				CLANG_WARN_DEPRECATED_OBJC_IMPLEMENTATIONS = YES;
				CLANG_WARN_DIRECT_OBJC_ISA_USAGE = YES_ERROR;
				CLANG_WARN_DOCUMENTATION_COMMENTS = YES;
				CLANG_WARN_EMPTY_BODY = YES;
				CLANG_WARN_ENUM_CONVERSION = YES;
				CLANG_WARN_INFINITE_RECURSION = YES;
				CLANG_WARN_INT_CONVERSION = YES;
				CLANG_WARN_NON_LITERAL_NULL_CONVERSION = YES;
				CLANG_WARN_OBJC_IMPLICIT_RETAIN_SELF = YES;
				CLANG_WARN_OBJC_LITERAL_CONVERSION = YES;
				CLANG_WARN_OBJC_ROOT_CLASS = YES_ERROR;
				CLANG_WARN_RANGE_LOOP_ANALYSIS = YES;
				CLANG_WARN_STRICT_PROTOTYPES = YES;
				CLANG_WARN_SUSPICIOUS_MOVE = YES;
				CLANG_WARN_UNGUARDED_AVAILABILITY = YES_AGGRESSIVE;
				CLANG_WARN_UNREACHABLE_CODE = YES;
				CLANG_WARN__DUPLICATE_METHOD_MATCH = YES;
				COPY_PHASE_STRIP = NO;
				DEBUG_INFORMATION_FORMAT = dwarf;
				ENABLE_STRICT_OBJC_MSGSEND = YES;
				ENABLE_TESTABILITY = YES;
				GCC_C_LANGUAGE_STANDARD = gnu11;
				GCC_DYNAMIC_NO_PIC = NO;
				GCC_NO_COMMON_BLOCKS = YES;
				GCC_OPTIMIZATION_LEVEL = 0;
				GCC_PREPROCESSOR_DEFINITIONS = (
					"DEBUG=1",
					"$(inherited)",
				);
				GCC_WARN_64_TO_32_BIT_CONVERSION = YES;
				GCC_WARN_ABOUT_RETURN_TYPE = YES_ERROR;
				GCC_WARN_UNDECLARED_SELECTOR = YES;
				GCC_WARN_UNINITIALIZED_AUTOS = YES_AGGRESSIVE;
				GCC_WARN_UNUSED_FUNCTION = YES;
				GCC_WARN_UNUSED_VARIABLE = YES;
				IPHONEOS_DEPLOYMENT_TARGET = 13.2;
				MTL_ENABLE_DEBUG_INFO = INCLUDE_SOURCE;
				MTL_FAST_MATH = YES;
				ONLY_ACTIVE_ARCH = YES;
				SDKROOT = iphoneos;
				SWIFT_ACTIVE_COMPILATION_CONDITIONS = DEBUG;
				SWIFT_OPTIMIZATION_LEVEL = "-Onone";
			};
			name = Debug;
		};
		A6C4233C23CF0FEA0083F73C /* Release */ = {
			isa = XCBuildConfiguration;
			buildSettings = {
				ALWAYS_SEARCH_USER_PATHS = NO;
				CLANG_ANALYZER_NONNULL = YES;
				CLANG_ANALYZER_NUMBER_OBJECT_CONVERSION = YES_AGGRESSIVE;
				CLANG_CXX_LANGUAGE_STANDARD = "gnu++14";
				CLANG_CXX_LIBRARY = "libc++";
				CLANG_ENABLE_MODULES = YES;
				CLANG_ENABLE_OBJC_ARC = YES;
				CLANG_ENABLE_OBJC_WEAK = YES;
				CLANG_WARN_BLOCK_CAPTURE_AUTORELEASING = YES;
				CLANG_WARN_BOOL_CONVERSION = YES;
				CLANG_WARN_COMMA = YES;
				CLANG_WARN_CONSTANT_CONVERSION = YES;
				CLANG_WARN_DEPRECATED_OBJC_IMPLEMENTATIONS = YES;
				CLANG_WARN_DIRECT_OBJC_ISA_USAGE = YES_ERROR;
				CLANG_WARN_DOCUMENTATION_COMMENTS = YES;
				CLANG_WARN_EMPTY_BODY = YES;
				CLANG_WARN_ENUM_CONVERSION = YES;
				CLANG_WARN_INFINITE_RECURSION = YES;
				CLANG_WARN_INT_CONVERSION = YES;
				CLANG_WARN_NON_LITERAL_NULL_CONVERSION = YES;
				CLANG_WARN_OBJC_IMPLICIT_RETAIN_SELF = YES;
				CLANG_WARN_OBJC_LITERAL_CONVERSION = YES;
				CLANG_WARN_OBJC_ROOT_CLASS = YES_ERROR;
				CLANG_WARN_RANGE_LOOP_ANALYSIS = YES;
				CLANG_WARN_STRICT_PROTOTYPES = YES;
				CLANG_WARN_SUSPICIOUS_MOVE = YES;
				CLANG_WARN_UNGUARDED_AVAILABILITY = YES_AGGRESSIVE;
				CLANG_WARN_UNREACHABLE_CODE = YES;
				CLANG_WARN__DUPLICATE_METHOD_MATCH = YES;
				COPY_PHASE_STRIP = NO;
				DEBUG_INFORMATION_FORMAT = "dwarf-with-dsym";
				ENABLE_NS_ASSERTIONS = NO;
				ENABLE_STRICT_OBJC_MSGSEND = YES;
				GCC_C_LANGUAGE_STANDARD = gnu11;
				GCC_NO_COMMON_BLOCKS = YES;
				GCC_WARN_64_TO_32_BIT_CONVERSION = YES;
				GCC_WARN_ABOUT_RETURN_TYPE = YES_ERROR;
				GCC_WARN_UNDECLARED_SELECTOR = YES;
				GCC_WARN_UNINITIALIZED_AUTOS = YES_AGGRESSIVE;
				GCC_WARN_UNUSED_FUNCTION = YES;
				GCC_WARN_UNUSED_VARIABLE = YES;
				IPHONEOS_DEPLOYMENT_TARGET = 13.2;
				MTL_ENABLE_DEBUG_INFO = NO;
				MTL_FAST_MATH = YES;
				SDKROOT = iphoneos;
				SWIFT_COMPILATION_MODE = wholemodule;
				SWIFT_OPTIMIZATION_LEVEL = "-O";
				VALIDATE_PRODUCT = YES;
			};
			name = Release;
		};
		A6C4233E23CF0FEA0083F73C /* Debug */ = {
			isa = XCBuildConfiguration;
			baseConfigurationReference = 8D8C21AF1F0AD78EEF1EF339 /* Pods-UI_presentation_1.debug.xcconfig */;
			buildSettings = {
				ASSETCATALOG_COMPILER_APPICON_NAME = AppIcon;
				CODE_SIGN_ENTITLEMENTS = UI_presentation_1/SleepWithAI.entitlements;
				CODE_SIGN_STYLE = Automatic;
				DEVELOPMENT_TEAM = "";
				INFOPLIST_FILE = UI_presentation_1/Info.plist;
				LD_RUNPATH_SEARCH_PATHS = (
					"$(inherited)",
					"@executable_path/Frameworks",
				);
				PRODUCT_BUNDLE_IDENTIFIER = com.sleepwithai;
				PRODUCT_NAME = SleepWithAI;
				SWIFT_VERSION = 5.0;
				TARGETED_DEVICE_FAMILY = "1,2";
			};
			name = Debug;
		};
		A6C4233F23CF0FEA0083F73C /* Release */ = {
			isa = XCBuildConfiguration;
			baseConfigurationReference = AAF09F5FA595A4AB309337F6 /* Pods-UI_presentation_1.release.xcconfig */;
			buildSettings = {
				ASSETCATALOG_COMPILER_APPICON_NAME = AppIcon;
				CODE_SIGN_ENTITLEMENTS = UI_presentation_1/SleepWithAI.entitlements;
				CODE_SIGN_STYLE = Automatic;
				DEVELOPMENT_TEAM = "";
				INFOPLIST_FILE = UI_presentation_1/Info.plist;
				LD_RUNPATH_SEARCH_PATHS = (
					"$(inherited)",
					"@executable_path/Frameworks",
				);
				PRODUCT_BUNDLE_IDENTIFIER = com.sleepwithai;
				PRODUCT_NAME = SleepWithAI;
				SWIFT_VERSION = 5.0;
				TARGETED_DEVICE_FAMILY = "1,2";
			};
			name = Release;
		};
/* End XCBuildConfiguration section */

/* Begin XCConfigurationList section */
		A6C4232423CF0FE90083F73C /* Build configuration list for PBXProject "UI_presentation_1" */ = {
			isa = XCConfigurationList;
			buildConfigurations = (
				A6C4233B23CF0FEA0083F73C /* Debug */,
				A6C4233C23CF0FEA0083F73C /* Release */,
			);
			defaultConfigurationIsVisible = 0;
			defaultConfigurationName = Release;
		};
		A6C4233D23CF0FEA0083F73C /* Build configuration list for PBXNativeTarget "UI_presentation_1" */ = {
			isa = XCConfigurationList;
			buildConfigurations = (
				A6C4233E23CF0FEA0083F73C /* Debug */,
				A6C4233F23CF0FEA0083F73C /* Release */,
			);
			defaultConfigurationIsVisible = 0;
			defaultConfigurationName = Release;
		};
/* End XCConfigurationList section */
	};
	rootObject = A6C4232123CF0FE90083F73C /* Project object */;
}
